<Solution>
  <Folder Name="/modules/" />
  <Folder Name="/modules/inspection/" />
  <Folder Name="/modules/inspection/plugins/">
    <Project Path="modules/inspection/plugins/NickERP.Inspection.Authorities.CustomsGh/NickERP.Inspection.Authorities.CustomsGh.csproj" />
    <Project Path="modules/inspection/plugins/NickERP.Inspection.ExternalSystems.IcumsGh/NickERP.Inspection.ExternalSystems.IcumsGh.csproj" />
    <Project Path="modules/inspection/plugins/NickERP.Inspection.Inference.Mock/NickERP.Inspection.Inference.Mock.csproj" />
    <Project Path="modules/inspection/plugins/NickERP.Inspection.Inference.OCR.ContainerNumber/NickERP.Inspection.Inference.OCR.ContainerNumber.csproj" />
    <Project Path="modules/inspection/plugins/NickERP.Inspection.Inference.OnnxRuntime/NickERP.Inspection.Inference.OnnxRuntime.csproj" />
    <Project Path="modules/inspection/plugins/NickERP.Inspection.Scanners.FS6000/NickERP.Inspection.Scanners.FS6000.csproj" />
  </Folder>
  <Folder Name="/modules/inspection/src/">
    <Project Path="modules/inspection/src/NickERP.Inspection.Application/NickERP.Inspection.Application.csproj" />
    <Project Path="modules/inspection/src/NickERP.Inspection.Authorities.Abstractions/NickERP.Inspection.Authorities.Abstractions.csproj" />
    <Project Path="modules/inspection/src/NickERP.Inspection.Core/NickERP.Inspection.Core.csproj" />
    <Project Path="modules/inspection/src/NickERP.Inspection.Database/NickERP.Inspection.Database.csproj" />
    <Project Path="modules/inspection/src/NickERP.Inspection.Edge.Abstractions/NickERP.Inspection.Edge.Abstractions.csproj" />
    <Project Path="modules/inspection/src/NickERP.Inspection.ExternalSystems.Abstractions/NickERP.Inspection.ExternalSystems.Abstractions.csproj" />
    <Project Path="modules/inspection/src/NickERP.Inspection.Imaging/NickERP.Inspection.Imaging.csproj" />
    <Project Path="modules/inspection/src/NickERP.Inspection.Inference.Abstractions/NickERP.Inspection.Inference.Abstractions.csproj" />
    <Project Path="modules/inspection/src/NickERP.Inspection.Scanners.Abstractions/NickERP.Inspection.Scanners.Abstractions.csproj" />
    <Project Path="modules/inspection/src/NickERP.Inspection.Web/NickERP.Inspection.Web.csproj" />
  </Folder>
  <Folder Name="/modules/inspection/tools/">
    <Project Path="modules/inspection/tools/InferenceSmokeTest/NickERP.Inspection.Tools.InferenceSmokeTest.csproj" />
    <Project Path="modules/inspection/tools/OcrSmokeTest/NickERP.Inspection.Tools.OcrSmokeTest.csproj" />
  </Folder>
  <Folder Name="/platform/">
    <Project Path="platform/NickERP.Platform.Audit.Database/NickERP.Platform.Audit.Database.csproj" />
    <Project Path="platform/NickERP.Platform.Audit/NickERP.Platform.Audit.csproj" />
    <Project Path="platform/NickERP.Platform.Identity.Database/NickERP.Platform.Identity.Database.csproj" />
    <Project Path="platform/NickERP.Platform.Identity/NickERP.Platform.Identity.csproj" />
    <Project Path="platform/NickERP.Platform.Logging/NickERP.Platform.Logging.csproj" />
    <Project Path="platform/NickERP.Platform.Plugins/NickERP.Platform.Plugins.csproj" />
    <Project Path="platform/NickERP.Platform.Telemetry/NickERP.Platform.Telemetry.csproj" />
    <Project Path="platform/NickERP.Platform.Tenancy/NickERP.Platform.Tenancy.csproj" />
    <Project Path="platform/NickERP.Platform.Web.Shared/NickERP.Platform.Web.Shared.csproj" />
  </Folder>
  <Folder Name="/modules/nickfinance/" />
  <Folder Name="/modules/nickfinance/src/">
    <Project Path="modules/nickfinance/src/NickERP.NickFinance.Core/NickERP.NickFinance.Core.csproj" />
    <Project Path="modules/nickfinance/src/NickERP.NickFinance.Database/NickERP.NickFinance.Database.csproj" />
    <Project Path="modules/nickfinance/src/NickERP.NickFinance.Web/NickERP.NickFinance.Web.csproj" />
  </Folder>
  <Folder Name="/apps/" />
  <Folder Name="/apps/edge-node/">
    <Project Path="apps/edge-node/NickERP.EdgeNode/NickERP.EdgeNode.csproj" />
  </Folder>
  <Folder Name="/tools/" />
  <Folder Name="/tools/inference-evaluation/">
    <Project Path="tools/inference-evaluation/container-ocr/NickERP.Tools.OcrEvaluation.csproj" />
  </Folder>
  <Folder Name="/tests/">
    <Project Path="tests/NickERP.EdgeNode.Tests/NickERP.EdgeNode.Tests.csproj" />
    <Project Path="tests/NickERP.Inspection.Authorities.CustomsGh.Tests/NickERP.Inspection.Authorities.CustomsGh.Tests.csproj" />
    <Project Path="tests/NickERP.Inspection.E2E.Tests/NickERP.Inspection.E2E.Tests.csproj" />
    <Project Path="tests/NickERP.Inspection.ExternalSystems.IcumsGh.Tests/NickERP.Inspection.ExternalSystems.IcumsGh.Tests.csproj" />
    <Project Path="tests/NickERP.Inspection.Scanners.FS6000.Tests/NickERP.Inspection.Scanners.FS6000.Tests.csproj" />
    <Project Path="tests/NickERP.Inspection.Web.Tests/NickERP.Inspection.Web.Tests.csproj" />
    <Project Path="tests/NickERP.NickFinance.Core.Tests/NickERP.NickFinance.Core.Tests.csproj" />
    <Project Path="tests/NickERP.NickFinance.Database.Tests/NickERP.NickFinance.Database.Tests.csproj" />
    <Project Path="tests/NickERP.NickFinance.Web.Tests/NickERP.NickFinance.Web.Tests.csproj" />
    <Project Path="tests/NickERP.Perf.Tests/NickERP.Perf.Tests.csproj" />
    <Project Path="tests/NickERP.Platform.Tests/NickERP.Platform.Tests.csproj" />
  </Folder>
</Solution>
